
Microsoft Visual Studio Solution File, Format Version 12.00
# Visual Studio Version 17
VisualStudioVersion = 17.2.32526.322
MinimumVisualStudioVersion = 10.0.40219.1
Project("{FAE04EC0-301F-11D3-BF4B-00C04F79EFBC}") = "Lab3", "Lab3\Lab3.csproj", "{57397BED-8A7E-4CE8-91C8-B580DA36A3F7}"
EndProject
Global
	GlobalSection(SolutionConfigurationPlatforms) = preSolution
		Debug|Any CPU = Debug|Any CPU
		Release|Any CPU = Release|Any CPU
	EndGlobalSection
	GlobalSection(ProjectConfigurationPlatforms) = postSolution
		{57397BED-8A7E-4CE8-91C8-B580DA36A3F7}.Debug|Any CPU.ActiveCfg = Debug|Any CPU
		{57397BED-8A7E-4CE8-91C8-B580DA36A3F7}.Debug|Any CPU.Build.0 = Debug|Any CPU
		{57397BED-8A7E-4CE8-91C8-B580DA36A3F7}.Release|Any CPU.ActiveCfg = Release|Any CPU
		{57397BED-8A7E-4CE8-91C8-B580DA36A3F7}.Release|Any CPU.Build.0 = Release|Any CPU
	EndGlobalSection
	GlobalSection(SolutionProperties) = preSolution
		HideSolutionNode = FALSE
	EndGlobalSection
	GlobalSection(ExtensibilityGlobals) = postSolution
		SolutionGuid = {3E9AEBD2-1F19-4170-8E7E-5199335CE2B5}
	EndGlobalSection
EndGlobal
