
Microsoft Visual Studio Solution File, Format Version 12.00
# Visual Studio Version 17
VisualStudioVersion = 17.2.32526.322
MinimumVisualStudioVersion = 10.0.40219.1
Project("{FAE04EC0-301F-11D3-BF4B-00C04F79EFBC}") = "Lab3", "Lab3\Lab3.csproj", "{1DD65AF9-7FF4-48AC-9D67-CF02265E0227}"
EndProject
Global
	GlobalSection(SolutionConfigurationPlatforms) = preSolution
		Debug|Any CPU = Debug|Any CPU
		Release|Any CPU = Release|Any CPU
	EndGlobalSection
	GlobalSection(ProjectConfigurationPlatforms) = postSolution
		{1DD65AF9-7FF4-48AC-9D67-CF02265E0227}.Debug|Any CPU.ActiveCfg = Debug|Any CPU
		{1DD65AF9-7FF4-48AC-9D67-CF02265E0227}.Debug|Any CPU.Build.0 = Debug|Any CPU
		{1DD65AF9-7FF4-48AC-9D67-CF02265E0227}.Release|Any CPU.ActiveCfg = Release|Any CPU
		{1DD65AF9-7FF4-48AC-9D67-CF02265E0227}.Release|Any CPU.Build.0 = Release|Any CPU
	EndGlobalSection
	GlobalSection(SolutionProperties) = preSolution
		HideSolutionNode = FALSE
	EndGlobalSection
	GlobalSection(ExtensibilityGlobals) = postSolution
		SolutionGuid = {AAFDC50B-700A-47CB-87D7-F5E8178DECCB}
	EndGlobalSection
EndGlobal
